
Microsoft Visual Studio Solution File, Format Version 12.00
# Visual Studio Version 17
VisualStudioVersion = 17.9.34622.214
MinimumVisualStudioVersion = 10.0.40219.1
Project("{FAE04EC0-301F-11D3-BF4B-00C04F79EFBC}") = "CustomLoginAndRole", "CustomLoginAndRole\CustomLoginAndRole.csproj", "{146F527B-F443-4955-B5AC-67E3BF49AB60}"
EndProject
Global
	GlobalSection(SolutionConfigurationPlatforms) = preSolution
		Debug|Any CPU = Debug|Any CPU
		Release|Any CPU = Release|Any CPU
	EndGlobalSection
	GlobalSection(ProjectConfigurationPlatforms) = postSolution
		{146F527B-F443-4955-B5AC-67E3BF49AB60}.Debug|Any CPU.ActiveCfg = Debug|Any CPU
		{146F527B-F443-4955-B5AC-67E3BF49AB60}.Debug|Any CPU.Build.0 = Debug|Any CPU
		{146F527B-F443-4955-B5AC-67E3BF49AB60}.Release|Any CPU.ActiveCfg = Release|Any CPU
		{146F527B-F443-4955-B5AC-67E3BF49AB60}.Release|Any CPU.Build.0 = Release|Any CPU
	EndGlobalSection
	GlobalSection(SolutionProperties) = preSolution
		HideSolutionNode = FALSE
	EndGlobalSection
	GlobalSection(ExtensibilityGlobals) = postSolution
		SolutionGuid = {C8C9ECD4-2448-41F2-9CB0-755707759254}
	EndGlobalSection
EndGlobal
